
Microsoft Visual Studio Solution File, Format Version 12.00
# Visual Studio Version 16
VisualStudioVersion = 16.0.29318.209
MinimumVisualStudioVersion = 10.0.40219.1
Project("{9A19103F-16F7-4668-BE54-9A1E7A4F7556}") = "GrowthTrigal.Common", "GrowthTrigal.Common\GrowthTrigal.Common.csproj", "{5FD95971-9CF6-4D40-A5C3-E0C86CE22DBC}"
EndProject
Project("{9A19103F-16F7-4668-BE54-9A1E7A4F7556}") = "GrowthTrigal.Web", "GrowthTrigal.Web\GrowthTrigal.Web.csproj", "{F1823171-0D7D-445B-BE55-280D9F4D45AB}"
EndProject
Project("{9A19103F-16F7-4668-BE54-9A1E7A4F7556}") = "GrowthTrigal.Prism", "GrowthTrigal.Prism\GrowthTrigal.Prism\GrowthTrigal.Prism.csproj", "{4288DC3E-C193-4479-A114-7211F7A44041}"
EndProject
Project("{FAE04EC0-301F-11D3-BF4B-00C04F79EFBC}") = "GrowthTrigal.Prism.Android", "GrowthTrigal.Prism\GrowthTrigal.Prism.Android\GrowthTrigal.Prism.Android.csproj", "{4A7C75D8-053E-4113-95AD-B2CA8C5AEA9A}"
EndProject
Project("{FAE04EC0-301F-11D3-BF4B-00C04F79EFBC}") = "GrowthTrigal.Prism.iOS", "GrowthTrigal.Prism\GrowthTrigal.Prism.iOS\GrowthTrigal.Prism.iOS.csproj", "{4967814F-B83D-4070-9A0D-427ACEEE9947}"
EndProject
Global
	GlobalSection(SolutionConfigurationPlatforms) = preSolution
		Ad-Hoc|Any CPU = Ad-Hoc|Any CPU
		Ad-Hoc|ARM = Ad-Hoc|ARM
		Ad-Hoc|iPhone = Ad-Hoc|iPhone
		Ad-Hoc|iPhoneSimulator = Ad-Hoc|iPhoneSimulator
		Ad-Hoc|x64 = Ad-Hoc|x64
		Ad-Hoc|x86 = Ad-Hoc|x86
		AppStore|Any CPU = AppStore|Any CPU
		AppStore|ARM = AppStore|ARM
		AppStore|iPhone = AppStore|iPhone
		AppStore|iPhoneSimulator = AppStore|iPhoneSimulator
		AppStore|x64 = AppStore|x64
		AppStore|x86 = AppStore|x86
		Debug|Any CPU = Debug|Any CPU
		Debug|ARM = Debug|ARM
		Debug|iPhone = Debug|iPhone
		Debug|iPhoneSimulator = Debug|iPhoneSimulator
		Debug|x64 = Debug|x64
		Debug|x86 = Debug|x86
		Release|Any CPU = Release|Any CPU
		Release|ARM = Release|ARM
		Release|iPhone = Release|iPhone
		Release|iPhoneSimulator = Release|iPhoneSimulator
		Release|x64 = Release|x64
		Release|x86 = Release|x86
	EndGlobalSection
	GlobalSection(ProjectConfigurationPlatforms) = postSolution
		{5FD95971-9CF6-4D40-A5C3-E0C86CE22DBC}.Ad-Hoc|Any CPU.ActiveCfg = Release|Any CPU
		{5FD95971-9CF6-4D40-A5C3-E0C86CE22DBC}.Ad-Hoc|Any CPU.Build.0 = Release|Any CPU
		{5FD95971-9CF6-4D40-A5C3-E0C86CE22DBC}.Ad-Hoc|ARM.ActiveCfg = Release|Any CPU
		{5FD95971-9CF6-4D40-A5C3-E0C86CE22DBC}.Ad-Hoc|ARM.Build.0 = Release|Any CPU
		{5FD95971-9CF6-4D40-A5C3-E0C86CE22DBC}.Ad-Hoc|iPhone.ActiveCfg = Release|Any CPU
		{5FD95971-9CF6-4D40-A5C3-E0C86CE22DBC}.Ad-Hoc|iPhone.Build.0 = Release|Any CPU
		{5FD95971-9CF6-4D40-A5C3-E0C86CE22DBC}.Ad-Hoc|iPhoneSimulator.ActiveCfg = Release|Any CPU
		{5FD95971-9CF6-4D40-A5C3-E0C86CE22DBC}.Ad-Hoc|iPhoneSimulator.Build.0 = Release|Any CPU
		{5FD95971-9CF6-4D40-A5C3-E0C86CE22DBC}.Ad-Hoc|x64.ActiveCfg = Release|Any CPU
		{5FD95971-9CF6-4D40-A5C3-E0C86CE22DBC}.Ad-Hoc|x64.Build.0 = Release|Any CPU
		{5FD95971-9CF6-4D40-A5C3-E0C86CE22DBC}.Ad-Hoc|x86.ActiveCfg = Release|Any CPU
		{5FD95971-9CF6-4D40-A5C3-E0C86CE22DBC}.Ad-Hoc|x86.Build.0 = Release|Any CPU
		{5FD95971-9CF6-4D40-A5C3-E0C86CE22DBC}.AppStore|Any CPU.ActiveCfg = Release|Any CPU
		{5FD95971-9CF6-4D40-A5C3-E0C86CE22DBC}.AppStore|Any CPU.Build.0 = Release|Any CPU
		{5FD95971-9CF6-4D40-A5C3-E0C86CE22DBC}.AppStore|ARM.ActiveCfg = Release|Any CPU
		{5FD95971-9CF6-4D40-A5C3-E0C86CE22DBC}.AppStore|ARM.Build.0 = Release|Any CPU
		{5FD95971-9CF6-4D40-A5C3-E0C86CE22DBC}.AppStore|iPhone.ActiveCfg = Release|Any CPU
		{5FD95971-9CF6-4D40-A5C3-E0C86CE22DBC}.AppStore|iPhone.Build.0 = Release|Any CPU
		{5FD95971-9CF6-4D40-A5C3-E0C86CE22DBC}.AppStore|iPhoneSimulator.ActiveCfg = Release|Any CPU
		{5FD95971-9CF6-4D40-A5C3-E0C86CE22DBC}.AppStore|iPhoneSimulator.Build.0 = Release|Any CPU
		{5FD95971-9CF6-4D40-A5C3-E0C86CE22DBC}.AppStore|x64.ActiveCfg = Release|Any CPU
		{5FD95971-9CF6-4D40-A5C3-E0C86CE22DBC}.AppStore|x64.Build.0 = Release|Any CPU
		{5FD95971-9CF6-4D40-A5C3-E0C86CE22DBC}.AppStore|x86.ActiveCfg = Release|Any CPU
		{5FD95971-9CF6-4D40-A5C3-E0C86CE22DBC}.AppStore|x86.Build.0 = Release|Any CPU
		{5FD95971-9CF6-4D40-A5C3-E0C86CE22DBC}.Debug|Any CPU.ActiveCfg = Debug|Any CPU
		{5FD95971-9CF6-4D40-A5C3-E0C86CE22DBC}.Debug|Any CPU.Build.0 = Debug|Any CPU
		{5FD95971-9CF6-4D40-A5C3-E0C86CE22DBC}.Debug|ARM.ActiveCfg = Debug|Any CPU
		{5FD95971-9CF6-4D40-A5C3-E0C86CE22DBC}.Debug|ARM.Build.0 = Debug|Any CPU
		{5FD95971-9CF6-4D40-A5C3-E0C86CE22DBC}.Debug|iPhone.ActiveCfg = Debug|Any CPU
		{5FD95971-9CF6-4D40-A5C3-E0C86CE22DBC}.Debug|iPhone.Build.0 = Debug|Any CPU
		{5FD95971-9CF6-4D40-A5C3-E0C86CE22DBC}.Debug|iPhoneSimulator.ActiveCfg = Debug|Any CPU
		{5FD95971-9CF6-4D40-A5C3-E0C86CE22DBC}.Debug|iPhoneSimulator.Build.0 = Debug|Any CPU
		{5FD95971-9CF6-4D40-A5C3-E0C86CE22DBC}.Debug|x64.ActiveCfg = Debug|Any CPU
		{5FD95971-9CF6-4D40-A5C3-E0C86CE22DBC}.Debug|x64.Build.0 = Debug|Any CPU
		{5FD95971-9CF6-4D40-A5C3-E0C86CE22DBC}.Debug|x86.ActiveCfg = Debug|Any CPU
		{5FD95971-9CF6-4D40-A5C3-E0C86CE22DBC}.Debug|x86.Build.0 = Debug|Any CPU
		{5FD95971-9CF6-4D40-A5C3-E0C86CE22DBC}.Release|Any CPU.ActiveCfg = Release|Any CPU
		{5FD95971-9CF6-4D40-A5C3-E0C86CE22DBC}.Release|Any CPU.Build.0 = Release|Any CPU
		{5FD95971-9CF6-4D40-A5C3-E0C86CE22DBC}.Release|ARM.ActiveCfg = Release|Any CPU
		{5FD95971-9CF6-4D40-A5C3-E0C86CE22DBC}.Release|ARM.Build.0 = Release|Any CPU
		{5FD95971-9CF6-4D40-A5C3-E0C86CE22DBC}.Release|iPhone.ActiveCfg = Release|Any CPU
		{5FD95971-9CF6-4D40-A5C3-E0C86CE22DBC}.Release|iPhone.Build.0 = Release|Any CPU
		{5FD95971-9CF6-4D40-A5C3-E0C86CE22DBC}.Release|iPhoneSimulator.ActiveCfg = Release|Any CPU
		{5FD95971-9CF6-4D40-A5C3-E0C86CE22DBC}.Release|iPhoneSimulator.Build.0 = Release|Any CPU
		{5FD95971-9CF6-4D40-A5C3-E0C86CE22DBC}.Release|x64.ActiveCfg = Release|Any CPU
		{5FD95971-9CF6-4D40-A5C3-E0C86CE22DBC}.Release|x64.Build.0 = Release|Any CPU
		{5FD95971-9CF6-4D40-A5C3-E0C86CE22DBC}.Release|x86.ActiveCfg = Release|Any CPU
		{5FD95971-9CF6-4D40-A5C3-E0C86CE22DBC}.Release|x86.Build.0 = Release|Any CPU
		{F1823171-0D7D-445B-BE55-280D9F4D45AB}.Ad-Hoc|Any CPU.ActiveCfg = Release|Any CPU
		{F1823171-0D7D-445B-BE55-280D9F4D45AB}.Ad-Hoc|Any CPU.Build.0 = Release|Any CPU
		{F1823171-0D7D-445B-BE55-280D9F4D45AB}.Ad-Hoc|ARM.ActiveCfg = Release|Any CPU
		{F1823171-0D7D-445B-BE55-280D9F4D45AB}.Ad-Hoc|ARM.Build.0 = Release|Any CPU
		{F1823171-0D7D-445B-BE55-280D9F4D45AB}.Ad-Hoc|iPhone.ActiveCfg = Release|Any CPU
		{F1823171-0D7D-445B-BE55-280D9F4D45AB}.Ad-Hoc|iPhone.Build.0 = Release|Any CPU
		{F1823171-0D7D-445B-BE55-280D9F4D45AB}.Ad-Hoc|iPhoneSimulator.ActiveCfg = Release|Any CPU
		{F1823171-0D7D-445B-BE55-280D9F4D45AB}.Ad-Hoc|iPhoneSimulator.Build.0 = Release|Any CPU
		{F1823171-0D7D-445B-BE55-280D9F4D45AB}.Ad-Hoc|x64.ActiveCfg = Release|Any CPU
		{F1823171-0D7D-445B-BE55-280D9F4D45AB}.Ad-Hoc|x64.Build.0 = Release|Any CPU
		{F1823171-0D7D-445B-BE55-280D9F4D45AB}.Ad-Hoc|x86.ActiveCfg = Release|Any CPU
		{F1823171-0D7D-445B-BE55-280D9F4D45AB}.Ad-Hoc|x86.Build.0 = Release|Any CPU
		{F1823171-0D7D-445B-BE55-280D9F4D45AB}.AppStore|Any CPU.ActiveCfg = Release|Any CPU
		{F1823171-0D7D-445B-BE55-280D9F4D45AB}.AppStore|Any CPU.Build.0 = Release|Any CPU
		{F1823171-0D7D-445B-BE55-280D9F4D45AB}.AppStore|ARM.ActiveCfg = Release|Any CPU
		{F1823171-0D7D-445B-BE55-280D9F4D45AB}.AppStore|ARM.Build.0 = Release|Any CPU
		{F1823171-0D7D-445B-BE55-280D9F4D45AB}.AppStore|iPhone.ActiveCfg = Release|Any CPU
		{F1823171-0D7D-445B-BE55-280D9F4D45AB}.AppStore|iPhone.Build.0 = Release|Any CPU
		{F1823171-0D7D-445B-BE55-280D9F4D45AB}.AppStore|iPhoneSimulator.ActiveCfg = Release|Any CPU
		{F1823171-0D7D-445B-BE55-280D9F4D45AB}.AppStore|iPhoneSimulator.Build.0 = Release|Any CPU
		{F1823171-0D7D-445B-BE55-280D9F4D45AB}.AppStore|x64.ActiveCfg = Release|Any CPU
		{F1823171-0D7D-445B-BE55-280D9F4D45AB}.AppStore|x64.Build.0 = Release|Any CPU
		{F1823171-0D7D-445B-BE55-280D9F4D45AB}.AppStore|x86.ActiveCfg = Release|Any CPU
		{F1823171-0D7D-445B-BE55-280D9F4D45AB}.AppStore|x86.Build.0 = Release|Any CPU
		{F1823171-0D7D-445B-BE55-280D9F4D45AB}.Debug|Any CPU.ActiveCfg = Debug|Any CPU
		{F1823171-0D7D-445B-BE55-280D9F4D45AB}.Debug|Any CPU.Build.0 = Debug|Any CPU
		{F1823171-0D7D-445B-BE55-280D9F4D45AB}.Debug|ARM.ActiveCfg = Debug|Any CPU
		{F1823171-0D7D-445B-BE55-280D9F4D45AB}.Debug|ARM.Build.0 = Debug|Any CPU
		{F1823171-0D7D-445B-BE55-280D9F4D45AB}.Debug|iPhone.ActiveCfg = Debug|Any CPU
		{F1823171-0D7D-445B-BE55-280D9F4D45AB}.Debug|iPhone.Build.0 = Debug|Any CPU
		{F1823171-0D7D-445B-BE55-280D9F4D45AB}.Debug|iPhoneSimulator.ActiveCfg = Debug|Any CPU
		{F1823171-0D7D-445B-BE55-280D9F4D45AB}.Debug|iPhoneSimulator.Build.0 = Debug|Any CPU
		{F1823171-0D7D-445B-BE55-280D9F4D45AB}.Debug|x64.ActiveCfg = Debug|Any CPU
		{F1823171-0D7D-445B-BE55-280D9F4D45AB}.Debug|x64.Build.0 = Debug|Any CPU
		{F1823171-0D7D-445B-BE55-280D9F4D45AB}.Debug|x86.ActiveCfg = Debug|Any CPU
		{F1823171-0D7D-445B-BE55-280D9F4D45AB}.Debug|x86.Build.0 = Debug|Any CPU
		{F1823171-0D7D-445B-BE55-280D9F4D45AB}.Release|Any CPU.ActiveCfg = Release|Any CPU
		{F1823171-0D7D-445B-BE55-280D9F4D45AB}.Release|Any CPU.Build.0 = Release|Any CPU
		{F1823171-0D7D-445B-BE55-280D9F4D45AB}.Release|ARM.ActiveCfg = Release|Any CPU
		{F1823171-0D7D-445B-BE55-280D9F4D45AB}.Release|ARM.Build.0 = Release|Any CPU
		{F1823171-0D7D-445B-BE55-280D9F4D45AB}.Release|iPhone.ActiveCfg = Release|Any CPU
		{F1823171-0D7D-445B-BE55-280D9F4D45AB}.Release|iPhone.Build.0 = Release|Any CPU
		{F1823171-0D7D-445B-BE55-280D9F4D45AB}.Release|iPhoneSimulator.ActiveCfg = Release|Any CPU
		{F1823171-0D7D-445B-BE55-280D9F4D45AB}.Release|iPhoneSimulator.Build.0 = Release|Any CPU
		{F1823171-0D7D-445B-BE55-280D9F4D45AB}.Release|x64.ActiveCfg = Release|Any CPU
		{F1823171-0D7D-445B-BE55-280D9F4D45AB}.Release|x64.Build.0 = Release|Any CPU
		{F1823171-0D7D-445B-BE55-280D9F4D45AB}.Release|x86.ActiveCfg = Release|Any CPU
		{F1823171-0D7D-445B-BE55-280D9F4D45AB}.Release|x86.Build.0 = Release|Any CPU
		{4288DC3E-C193-4479-A114-7211F7A44041}.Ad-Hoc|Any CPU.ActiveCfg = Debug|Any CPU
		{4288DC3E-C193-4479-A114-7211F7A44041}.Ad-Hoc|Any CPU.Build.0 = Debug|Any CPU
		{4288DC3E-C193-4479-A114-7211F7A44041}.Ad-Hoc|ARM.ActiveCfg = Debug|Any CPU
		{4288DC3E-C193-4479-A114-7211F7A44041}.Ad-Hoc|ARM.Build.0 = Debug|Any CPU
		{4288DC3E-C193-4479-A114-7211F7A44041}.Ad-Hoc|iPhone.ActiveCfg = Debug|Any CPU
		{4288DC3E-C193-4479-A114-7211F7A44041}.Ad-Hoc|iPhone.Build.0 = Debug|Any CPU
		{4288DC3E-C193-4479-A114-7211F7A44041}.Ad-Hoc|iPhoneSimulator.ActiveCfg = Debug|Any CPU
		{4288DC3E-C193-4479-A114-7211F7A44041}.Ad-Hoc|iPhoneSimulator.Build.0 = Debug|Any CPU
		{4288DC3E-C193-4479-A114-7211F7A44041}.Ad-Hoc|x64.ActiveCfg = Debug|Any CPU
		{4288DC3E-C193-4479-A114-7211F7A44041}.Ad-Hoc|x64.Build.0 = Debug|Any CPU
		{4288DC3E-C193-4479-A114-7211F7A44041}.Ad-Hoc|x86.ActiveCfg = Debug|Any CPU
		{4288DC3E-C193-4479-A114-7211F7A44041}.Ad-Hoc|x86.Build.0 = Debug|Any CPU
		{4288DC3E-C193-4479-A114-7211F7A44041}.AppStore|Any CPU.ActiveCfg = Debug|Any CPU
		{4288DC3E-C193-4479-A114-7211F7A44041}.AppStore|Any CPU.Build.0 = Debug|Any CPU
		{4288DC3E-C193-4479-A114-7211F7A44041}.AppStore|ARM.ActiveCfg = Debug|Any CPU
		{4288DC3E-C193-4479-A114-7211F7A44041}.AppStore|ARM.Build.0 = Debug|Any CPU
		{4288DC3E-C193-4479-A114-7211F7A44041}.AppStore|iPhone.ActiveCfg = Debug|Any CPU
		{4288DC3E-C193-4479-A114-7211F7A44041}.AppStore|iPhone.Build.0 = Debug|Any CPU
		{4288DC3E-C193-4479-A114-7211F7A44041}.AppStore|iPhoneSimulator.ActiveCfg = Debug|Any CPU
		{4288DC3E-C193-4479-A114-7211F7A44041}.AppStore|iPhoneSimulator.Build.0 = Debug|Any CPU
		{4288DC3E-C193-4479-A114-7211F7A44041}.AppStore|x64.ActiveCfg = Debug|Any CPU
		{4288DC3E-C193-4479-A114-7211F7A44041}.AppStore|x64.Build.0 = Debug|Any CPU
		{4288DC3E-C193-4479-A114-7211F7A44041}.AppStore|x86.ActiveCfg = Debug|Any CPU
		{4288DC3E-C193-4479-A114-7211F7A44041}.AppStore|x86.Build.0 = Debug|Any CPU
		{4288DC3E-C193-4479-A114-7211F7A44041}.Debug|Any CPU.ActiveCfg = Debug|Any CPU
		{4288DC3E-C193-4479-A114-7211F7A44041}.Debug|Any CPU.Build.0 = Debug|Any CPU
		{4288DC3E-C193-4479-A114-7211F7A44041}.Debug|ARM.ActiveCfg = Debug|Any CPU
		{4288DC3E-C193-4479-A114-7211F7A44041}.Debug|ARM.Build.0 = Debug|Any CPU
		{4288DC3E-C193-4479-A114-7211F7A44041}.Debug|iPhone.ActiveCfg = Debug|Any CPU
		{4288DC3E-C193-4479-A114-7211F7A44041}.Debug|iPhone.Build.0 = Debug|Any CPU
		{4288DC3E-C193-4479-A114-7211F7A44041}.Debug|iPhoneSimulator.ActiveCfg = Debug|Any CPU
		{4288DC3E-C193-4479-A114-7211F7A44041}.Debug|iPhoneSimulator.Build.0 = Debug|Any CPU
		{4288DC3E-C193-4479-A114-7211F7A44041}.Debug|x64.ActiveCfg = Debug|Any CPU
		{4288DC3E-C193-4479-A114-7211F7A44041}.Debug|x64.Build.0 = Debug|Any CPU
		{4288DC3E-C193-4479-A114-7211F7A44041}.Debug|x86.ActiveCfg = Debug|Any CPU
		{4288DC3E-C193-4479-A114-7211F7A44041}.Debug|x86.Build.0 = Debug|Any CPU
		{4288DC3E-C193-4479-A114-7211F7A44041}.Release|Any CPU.ActiveCfg = Release|Any CPU
		{4288DC3E-C193-4479-A114-7211F7A44041}.Release|Any CPU.Build.0 = Release|Any CPU
		{4288DC3E-C193-4479-A114-7211F7A44041}.Release|ARM.ActiveCfg = Release|Any CPU
		{4288DC3E-C193-4479-A114-7211F7A44041}.Release|ARM.Build.0 = Release|Any CPU
		{4288DC3E-C193-4479-A114-7211F7A44041}.Release|iPhone.ActiveCfg = Release|Any CPU
		{4288DC3E-C193-4479-A114-7211F7A44041}.Release|iPhone.Build.0 = Release|Any CPU
		{4288DC3E-C193-4479-A114-7211F7A44041}.Release|iPhoneSimulator.ActiveCfg = Release|Any CPU
		{4288DC3E-C193-4479-A114-7211F7A44041}.Release|iPhoneSimulator.Build.0 = Release|Any CPU
		{4288DC3E-C193-4479-A114-7211F7A44041}.Release|x64.ActiveCfg = Release|Any CPU
		{4288DC3E-C193-4479-A114-7211F7A44041}.Release|x64.Build.0 = Release|Any CPU
		{4288DC3E-C193-4479-A114-7211F7A44041}.Release|x86.ActiveCfg = Release|Any CPU
		{4288DC3E-C193-4479-A114-7211F7A44041}.Release|x86.Build.0 = Release|Any CPU
		{4A7C75D8-053E-4113-95AD-B2CA8C5AEA9A}.Ad-Hoc|Any CPU.ActiveCfg = Release|Any CPU
		{4A7C75D8-053E-4113-95AD-B2CA8C5AEA9A}.Ad-Hoc|Any CPU.Build.0 = Release|Any CPU
		{4A7C75D8-053E-4113-95AD-B2CA8C5AEA9A}.Ad-Hoc|Any CPU.Deploy.0 = Release|Any CPU
		{4A7C75D8-053E-4113-95AD-B2CA8C5AEA9A}.Ad-Hoc|ARM.ActiveCfg = Release|Any CPU
		{4A7C75D8-053E-4113-95AD-B2CA8C5AEA9A}.Ad-Hoc|ARM.Build.0 = Release|Any CPU
		{4A7C75D8-053E-4113-95AD-B2CA8C5AEA9A}.Ad-Hoc|ARM.Deploy.0 = Release|Any CPU
		{4A7C75D8-053E-4113-95AD-B2CA8C5AEA9A}.Ad-Hoc|iPhone.ActiveCfg = Release|Any CPU
		{4A7C75D8-053E-4113-95AD-B2CA8C5AEA9A}.Ad-Hoc|iPhone.Build.0 = Release|Any CPU
		{4A7C75D8-053E-4113-95AD-B2CA8C5AEA9A}.Ad-Hoc|iPhone.Deploy.0 = Release|Any CPU
		{4A7C75D8-053E-4113-95AD-B2CA8C5AEA9A}.Ad-Hoc|iPhoneSimulator.ActiveCfg = Release|Any CPU
		{4A7C75D8-053E-4113-95AD-B2CA8C5AEA9A}.Ad-Hoc|iPhoneSimulator.Build.0 = Release|Any CPU
		{4A7C75D8-053E-4113-95AD-B2CA8C5AEA9A}.Ad-Hoc|iPhoneSimulator.Deploy.0 = Release|Any CPU
		{4A7C75D8-053E-4113-95AD-B2CA8C5AEA9A}.Ad-Hoc|x64.ActiveCfg = Release|Any CPU
		{4A7C75D8-053E-4113-95AD-B2CA8C5AEA9A}.Ad-Hoc|x64.Build.0 = Release|Any CPU
		{4A7C75D8-053E-4113-95AD-B2CA8C5AEA9A}.Ad-Hoc|x64.Deploy.0 = Release|Any CPU
		{4A7C75D8-053E-4113-95AD-B2CA8C5AEA9A}.Ad-Hoc|x86.ActiveCfg = Release|Any CPU
		{4A7C75D8-053E-4113-95AD-B2CA8C5AEA9A}.Ad-Hoc|x86.Build.0 = Release|Any CPU
		{4A7C75D8-053E-4113-95AD-B2CA8C5AEA9A}.Ad-Hoc|x86.Deploy.0 = Release|Any CPU
		{4A7C75D8-053E-4113-95AD-B2CA8C5AEA9A}.AppStore|Any CPU.ActiveCfg = Release|Any CPU
		{4A7C75D8-053E-4113-95AD-B2CA8C5AEA9A}.AppStore|Any CPU.Build.0 = Release|Any CPU
		{4A7C75D8-053E-4113-95AD-B2CA8C5AEA9A}.AppStore|Any CPU.Deploy.0 = Release|Any CPU
		{4A7C75D8-053E-4113-95AD-B2CA8C5AEA9A}.AppStore|ARM.ActiveCfg = Release|Any CPU
		{4A7C75D8-053E-4113-95AD-B2CA8C5AEA9A}.AppStore|ARM.Build.0 = Release|Any CPU
		{4A7C75D8-053E-4113-95AD-B2CA8C5AEA9A}.AppStore|ARM.Deploy.0 = Release|Any CPU
		{4A7C75D8-053E-4113-95AD-B2CA8C5AEA9A}.AppStore|iPhone.ActiveCfg = Release|Any CPU
		{4A7C75D8-053E-4113-95AD-B2CA8C5AEA9A}.AppStore|iPhone.Build.0 = Release|Any CPU
		{4A7C75D8-053E-4113-95AD-B2CA8C5AEA9A}.AppStore|iPhone.Deploy.0 = Release|Any CPU
		{4A7C75D8-053E-4113-95AD-B2CA8C5AEA9A}.AppStore|iPhoneSimulator.ActiveCfg = Release|Any CPU
		{4A7C75D8-053E-4113-95AD-B2CA8C5AEA9A}.AppStore|iPhoneSimulator.Build.0 = Release|Any CPU
		{4A7C75D8-053E-4113-95AD-B2CA8C5AEA9A}.AppStore|iPhoneSimulator.Deploy.0 = Release|Any CPU
		{4A7C75D8-053E-4113-95AD-B2CA8C5AEA9A}.AppStore|x64.ActiveCfg = Release|Any CPU
		{4A7C75D8-053E-4113-95AD-B2CA8C5AEA9A}.AppStore|x64.Build.0 = Release|Any CPU
		{4A7C75D8-053E-4113-95AD-B2CA8C5AEA9A}.AppStore|x64.Deploy.0 = Release|Any CPU
		{4A7C75D8-053E-4113-95AD-B2CA8C5AEA9A}.AppStore|x86.ActiveCfg = Release|Any CPU
		{4A7C75D8-053E-4113-95AD-B2CA8C5AEA9A}.AppStore|x86.Build.0 = Release|Any CPU
		{4A7C75D8-053E-4113-95AD-B2CA8C5AEA9A}.AppStore|x86.Deploy.0 = Release|Any CPU
		{4A7C75D8-053E-4113-95AD-B2CA8C5AEA9A}.Debug|Any CPU.ActiveCfg = Debug|Any CPU
		{4A7C75D8-053E-4113-95AD-B2CA8C5AEA9A}.Debug|Any CPU.Build.0 = Debug|Any CPU
		{4A7C75D8-053E-4113-95AD-B2CA8C5AEA9A}.Debug|Any CPU.Deploy.0 = Debug|Any CPU
		{4A7C75D8-053E-4113-95AD-B2CA8C5AEA9A}.Debug|ARM.ActiveCfg = Debug|Any CPU
		{4A7C75D8-053E-4113-95AD-B2CA8C5AEA9A}.Debug|ARM.Build.0 = Debug|Any CPU
		{4A7C75D8-053E-4113-95AD-B2CA8C5AEA9A}.Debug|ARM.Deploy.0 = Debug|Any CPU
		{4A7C75D8-053E-4113-95AD-B2CA8C5AEA9A}.Debug|iPhone.ActiveCfg = Debug|Any CPU
		{4A7C75D8-053E-4113-95AD-B2CA8C5AEA9A}.Debug|iPhone.Build.0 = Debug|Any CPU
		{4A7C75D8-053E-4113-95AD-B2CA8C5AEA9A}.Debug|iPhone.Deploy.0 = Debug|Any CPU
		{4A7C75D8-053E-4113-95AD-B2CA8C5AEA9A}.Debug|iPhoneSimulator.ActiveCfg = Debug|Any CPU
		{4A7C75D8-053E-4113-95AD-B2CA8C5AEA9A}.Debug|iPhoneSimulator.Build.0 = Debug|Any CPU
		{4A7C75D8-053E-4113-95AD-B2CA8C5AEA9A}.Debug|iPhoneSimulator.Deploy.0 = Debug|Any CPU
		{4A7C75D8-053E-4113-95AD-B2CA8C5AEA9A}.Debug|x64.ActiveCfg = Debug|Any CPU
		{4A7C75D8-053E-4113-95AD-B2CA8C5AEA9A}.Debug|x64.Build.0 = Debug|Any CPU
		{4A7C75D8-053E-4113-95AD-B2CA8C5AEA9A}.Debug|x64.Deploy.0 = Debug|Any CPU
		{4A7C75D8-053E-4113-95AD-B2CA8C5AEA9A}.Debug|x86.ActiveCfg = Debug|Any CPU
		{4A7C75D8-053E-4113-95AD-B2CA8C5AEA9A}.Debug|x86.Build.0 = Debug|Any CPU
		{4A7C75D8-053E-4113-95AD-B2CA8C5AEA9A}.Debug|x86.Deploy.0 = Debug|Any CPU
		{4A7C75D8-053E-4113-95AD-B2CA8C5AEA9A}.Release|Any CPU.ActiveCfg = Release|Any CPU
		{4A7C75D8-053E-4113-95AD-B2CA8C5AEA9A}.Release|Any CPU.Build.0 = Release|Any CPU
		{4A7C75D8-053E-4113-95AD-B2CA8C5AEA9A}.Release|Any CPU.Deploy.0 = Release|Any CPU
		{4A7C75D8-053E-4113-95AD-B2CA8C5AEA9A}.Release|ARM.ActiveCfg = Release|Any CPU
		{4A7C75D8-053E-4113-95AD-B2CA8C5AEA9A}.Release|ARM.Build.0 = Release|Any CPU
		{4A7C75D8-053E-4113-95AD-B2CA8C5AEA9A}.Release|ARM.Deploy.0 = Release|Any CPU
		{4A7C75D8-053E-4113-95AD-B2CA8C5AEA9A}.Release|iPhone.ActiveCfg = Release|Any CPU
		{4A7C75D8-053E-4113-95AD-B2CA8C5AEA9A}.Release|iPhone.Build.0 = Release|Any CPU
		{4A7C75D8-053E-4113-95AD-B2CA8C5AEA9A}.Release|iPhone.Deploy.0 = Release|Any CPU
		{4A7C75D8-053E-4113-95AD-B2CA8C5AEA9A}.Release|iPhoneSimulator.ActiveCfg = Release|Any CPU
		{4A7C75D8-053E-4113-95AD-B2CA8C5AEA9A}.Release|iPhoneSimulator.Build.0 = Release|Any CPU
		{4A7C75D8-053E-4113-95AD-B2CA8C5AEA9A}.Release|iPhoneSimulator.Deploy.0 = Release|Any CPU
		{4A7C75D8-053E-4113-95AD-B2CA8C5AEA9A}.Release|x64.ActiveCfg = Release|Any CPU
		{4A7C75D8-053E-4113-95AD-B2CA8C5AEA9A}.Release|x64.Build.0 = Release|Any CPU
		{4A7C75D8-053E-4113-95AD-B2CA8C5AEA9A}.Release|x64.Deploy.0 = Release|Any CPU
		{4A7C75D8-053E-4113-95AD-B2CA8C5AEA9A}.Release|x86.ActiveCfg = Release|Any CPU
		{4A7C75D8-053E-4113-95AD-B2CA8C5AEA9A}.Release|x86.Build.0 = Release|Any CPU
		{4A7C75D8-053E-4113-95AD-B2CA8C5AEA9A}.Release|x86.Deploy.0 = Release|Any CPU
		{4967814F-B83D-4070-9A0D-427ACEEE9947}.Ad-Hoc|Any CPU.ActiveCfg = Ad-Hoc|iPhone
		{4967814F-B83D-4070-9A0D-427ACEEE9947}.Ad-Hoc|ARM.ActiveCfg = Ad-Hoc|iPhone
		{4967814F-B83D-4070-9A0D-427ACEEE9947}.Ad-Hoc|iPhone.ActiveCfg = Ad-Hoc|iPhone
		{4967814F-B83D-4070-9A0D-427ACEEE9947}.Ad-Hoc|iPhone.Build.0 = Ad-Hoc|iPhone
		{4967814F-B83D-4070-9A0D-427ACEEE9947}.Ad-Hoc|iPhoneSimulator.ActiveCfg = Ad-Hoc|iPhoneSimulator
		{4967814F-B83D-4070-9A0D-427ACEEE9947}.Ad-Hoc|iPhoneSimulator.Build.0 = Ad-Hoc|iPhoneSimulator
		{4967814F-B83D-4070-9A0D-427ACEEE9947}.Ad-Hoc|x64.ActiveCfg = Ad-Hoc|iPhone
		{4967814F-B83D-4070-9A0D-427ACEEE9947}.Ad-Hoc|x86.ActiveCfg = Ad-Hoc|iPhone
		{4967814F-B83D-4070-9A0D-427ACEEE9947}.AppStore|Any CPU.ActiveCfg = AppStore|iPhone
		{4967814F-B83D-4070-9A0D-427ACEEE9947}.AppStore|ARM.ActiveCfg = AppStore|iPhone
		{4967814F-B83D-4070-9A0D-427ACEEE9947}.AppStore|iPhone.ActiveCfg = AppStore|iPhone
		{4967814F-B83D-4070-9A0D-427ACEEE9947}.AppStore|iPhone.Build.0 = AppStore|iPhone
		{4967814F-B83D-4070-9A0D-427ACEEE9947}.AppStore|iPhoneSimulator.ActiveCfg = AppStore|iPhoneSimulator
		{4967814F-B83D-4070-9A0D-427ACEEE9947}.AppStore|iPhoneSimulator.Build.0 = AppStore|iPhoneSimulator
		{4967814F-B83D-4070-9A0D-427ACEEE9947}.AppStore|x64.ActiveCfg = AppStore|iPhone
		{4967814F-B83D-4070-9A0D-427ACEEE9947}.AppStore|x86.ActiveCfg = AppStore|iPhone
		{4967814F-B83D-4070-9A0D-427ACEEE9947}.Debug|Any CPU.ActiveCfg = Debug|iPhone
		{4967814F-B83D-4070-9A0D-427ACEEE9947}.Debug|ARM.ActiveCfg = Debug|iPhone
		{4967814F-B83D-4070-9A0D-427ACEEE9947}.Debug|iPhone.ActiveCfg = Debug|iPhone
		{4967814F-B83D-4070-9A0D-427ACEEE9947}.Debug|iPhone.Build.0 = Debug|iPhone
		{4967814F-B83D-4070-9A0D-427ACEEE9947}.Debug|iPhoneSimulator.ActiveCfg = Debug|iPhoneSimulator
		{4967814F-B83D-4070-9A0D-427ACEEE9947}.Debug|iPhoneSimulator.Build.0 = Debug|iPhoneSimulator
		{4967814F-B83D-4070-9A0D-427ACEEE9947}.Debug|x64.ActiveCfg = Debug|iPhone
		{4967814F-B83D-4070-9A0D-427ACEEE9947}.Debug|x86.ActiveCfg = Debug|iPhone
		{4967814F-B83D-4070-9A0D-427ACEEE9947}.Release|Any CPU.ActiveCfg = Release|iPhone
		{4967814F-B83D-4070-9A0D-427ACEEE9947}.Release|ARM.ActiveCfg = Release|iPhone
		{4967814F-B83D-4070-9A0D-427ACEEE9947}.Release|iPhone.ActiveCfg = Release|iPhone
		{4967814F-B83D-4070-9A0D-427ACEEE9947}.Release|iPhone.Build.0 = Release|iPhone
		{4967814F-B83D-4070-9A0D-427ACEEE9947}.Release|iPhoneSimulator.ActiveCfg = Release|iPhoneSimulator
		{4967814F-B83D-4070-9A0D-427ACEEE9947}.Release|iPhoneSimulator.Build.0 = Release|iPhoneSimulator
		{4967814F-B83D-4070-9A0D-427ACEEE9947}.Release|x64.ActiveCfg = Release|iPhone
		{4967814F-B83D-4070-9A0D-427ACEEE9947}.Release|x86.ActiveCfg = Release|iPhone
	EndGlobalSection
	GlobalSection(SolutionProperties) = preSolution
		HideSolutionNode = FALSE
	EndGlobalSection
	GlobalSection(ExtensibilityGlobals) = postSolution
		SolutionGuid = {939D8305-3815-4540-96B9-9D10CD3B50E2}
	EndGlobalSection
EndGlobal
